{
  "name": "expand-region",
  "version": "0.5.0",
  "lockfileVersion": 1,
  "requires": true,
  "dependencies": {
    "underscore": {
      "version": "1.8.3",
      "resolved": "https://registry.npmjs.org/underscore/-/underscore-1.8.3.tgz",
      "integrity": "sha1-Tz+1OxBuYJf8+ctBCfKl6b36UCI="
    },
    "underscore-plus": {
      "version": "1.6.8",
      "resolved": "https://registry.npmjs.org/underscore-plus/-/underscore-plus-1.6.8.tgz",
      "integrity": "sha512-88PrCeMKeAAC1L4xjSiiZ3Fg6kZOYrLpLGVPPeqKq/662DfQe/KTSKdSR/Q/tucKNnfW2MNAUGSCkDf8HmXC5Q==",
      "requires": {
        "underscore": "~1.8.3"
      }
    }
  }
}
